# THIS IS AN AUTOGENERATED FILE. DO NOT EDIT THIS FILE DIRECTLY.
# yarn lockfile v1


react-native-raw-bottom-sheet@^2.0.6:
  version "2.0.6"
  resolved "https://registry.yarnpkg.com/react-native-raw-bottom-sheet/-/react-native-raw-bottom-sheet-2.0.6.tgz#485dedc3e1828f2d55179bb598ef58987c41ebf1"
  integrity sha512-DLH97BjJEl4BfNgxPVhqwwNxv1i6Cna1Ns0DWtfqLlMEJeR9K7rrwnDndB2vN5Sk0FeV8Cjt/lk20oCSI+v21g==
